
Microsoft Visual Studio Solution File, Format Version 12.00
# Visual Studio Version 17
VisualStudioVersion = 17.0.31903.59
MinimumVisualStudioVersion = 10.0.40219.1
Project("{2150E333-8FDC-42A3-9474-1A3956D46DE8}") = "src", "src", "{827E0CD3-B72D-47B6-A68D-7590B98EB39B}"
EndProject
Project("{FAE04EC0-301F-11D3-BF4B-00C04F79EFBC}") = "Harness.Host", "src\Harness.Host\Harness.Host.csproj", "{37926777-241C-495B-8CE0-3D3E7522CAA8}"
EndProject
Project("{FAE04EC0-301F-11D3-BF4B-00C04F79EFBC}") = "Harness.Launcher", "src\Harness.Launcher\Harness.Launcher.csproj", "{BB2655B7-D86F-4FC5-82F4-4E7287FA753F}"
EndProject
Project("{FAE04EC0-301F-11D3-BF4B-00C04F79EFBC}") = "Harness.Persistence.Abstractions", "src\Harness.Persistence.Abstractions\Harness.Persistence.Abstractions.csproj", "{E0FFD1CC-3776-42D7-BE23-84A9C71DC7AB}"
EndProject
Project("{FAE04EC0-301F-11D3-BF4B-00C04F79EFBC}") = "Harness.Persistence.Postgres", "src\Harness.Persistence.Postgres\Harness.Persistence.Postgres.csproj", "{0E6D66B1-445D-4FC0-9C18-FB7911766529}"
EndProject
Project("{FAE04EC0-301F-11D3-BF4B-00C04F79EFBC}") = "Harness.Persistence.Sqlite", "src\Harness.Persistence.Sqlite\Harness.Persistence.Sqlite.csproj", "{17B16AF8-7257-4065-B35B-DE64729A678B}"
EndProject
Project("{FAE04EC0-301F-11D3-BF4B-00C04F79EFBC}") = "Harness.Runner", "src\Harness.Runner\Harness.Runner.csproj", "{CB3ABD03-A5DC-4CFD-9DDB-E6AE3563AE09}"
EndProject
Project("{FAE04EC0-301F-11D3-BF4B-00C04F79EFBC}") = "Harness.SharedKernel", "src\Harness.SharedKernel\Harness.SharedKernel.csproj", "{4EF73128-4E36-490C-8112-47EE5A788609}"
EndProject
Project("{2150E333-8FDC-42A3-9474-1A3956D46DE8}") = "Modules", "Modules", "{EC447DCF-ABFA-6E24-52A5-D7FD48A5C558}"
EndProject
Project("{FAE04EC0-301F-11D3-BF4B-00C04F79EFBC}") = "Harness.Modules.Agents", "src\Modules\Harness.Modules.Agents\Harness.Modules.Agents.csproj", "{A685D3B9-D84B-4943-9BD3-8E12C9EC68E0}"
EndProject
Project("{FAE04EC0-301F-11D3-BF4B-00C04F79EFBC}") = "Harness.Modules.Conversations", "src\Modules\Harness.Modules.Conversations\Harness.Modules.Conversations.csproj", "{2B1AE19C-F849-4E21-8670-C25E111B321F}"
EndProject
Project("{FAE04EC0-301F-11D3-BF4B-00C04F79EFBC}") = "Harness.Modules.Coordination", "src\Modules\Harness.Modules.Coordination\Harness.Modules.Coordination.csproj", "{291F2FCA-40A0-48F2-8057-6827A2659066}"
EndProject
Project("{FAE04EC0-301F-11D3-BF4B-00C04F79EFBC}") = "Harness.Modules.Documents", "src\Modules\Harness.Modules.Documents\Harness.Modules.Documents.csproj", "{3E8F5DBA-9704-41F1-8535-97573438505D}"
EndProject
Project("{FAE04EC0-301F-11D3-BF4B-00C04F79EFBC}") = "Harness.Modules.Execution", "src\Modules\Harness.Modules.Execution\Harness.Modules.Execution.csproj", "{F3933FD9-65C9-4B11-8CEE-7AF52D4A1B07}"
EndProject
Project("{FAE04EC0-301F-11D3-BF4B-00C04F79EFBC}") = "Harness.Modules.Governance", "src\Modules\Harness.Modules.Governance\Harness.Modules.Governance.csproj", "{28BD6547-AFA7-4367-9D93-EEDB28CA6795}"
EndProject
Project("{FAE04EC0-301F-11D3-BF4B-00C04F79EFBC}") = "Harness.Modules.Identity", "src\Modules\Harness.Modules.Identity\Harness.Modules.Identity.csproj", "{55985B49-F2F9-47A7-B73D-3CF300261D61}"
EndProject
Project("{FAE04EC0-301F-11D3-BF4B-00C04F79EFBC}") = "Harness.Modules.Licensing", "src\Modules\Harness.Modules.Licensing\Harness.Modules.Licensing.csproj", "{B5BA9A89-1013-4AE2-832F-BD6EDC790EB5}"
EndProject
Project("{FAE04EC0-301F-11D3-BF4B-00C04F79EFBC}") = "Harness.Modules.Notifications", "src\Modules\Harness.Modules.Notifications\Harness.Modules.Notifications.csproj", "{D561CCBA-46BD-46E6-9C6A-027101068A3A}"
EndProject
Project("{FAE04EC0-301F-11D3-BF4B-00C04F79EFBC}") = "Harness.Modules.Organizations", "src\Modules\Harness.Modules.Organizations\Harness.Modules.Organizations.csproj", "{6EC1211C-60D9-42A7-BD65-CEBE382DF621}"
EndProject
Project("{FAE04EC0-301F-11D3-BF4B-00C04F79EFBC}") = "Harness.Modules.Projects", "src\Modules\Harness.Modules.Projects\Harness.Modules.Projects.csproj", "{E0A916F5-21F1-4224-B307-E7467EBF52A2}"
EndProject
Project("{FAE04EC0-301F-11D3-BF4B-00C04F79EFBC}") = "Harness.Modules.Prototyping", "src\Modules\Harness.Modules.Prototyping\Harness.Modules.Prototyping.csproj", "{A0CE1AFD-85FF-4DB7-86C2-4A126D9DEEE4}"
EndProject
Project("{FAE04EC0-301F-11D3-BF4B-00C04F79EFBC}") = "Harness.Modules.Providers", "src\Modules\Harness.Modules.Providers\Harness.Modules.Providers.csproj", "{D94ED654-0EEA-4F41-B725-12F2F7B47748}"
EndProject
Project("{FAE04EC0-301F-11D3-BF4B-00C04F79EFBC}") = "Harness.Modules.Tools", "src\Modules\Harness.Modules.Tools\Harness.Modules.Tools.csproj", "{A32B0BE6-C5D8-4459-A72E-24F8468B6FC2}"
EndProject
Project("{FAE04EC0-301F-11D3-BF4B-00C04F79EFBC}") = "Harness.Modules.Workflows", "src\Modules\Harness.Modules.Workflows\Harness.Modules.Workflows.csproj", "{9E87D10C-30AF-48DB-A36F-818CB37CEED7}"
EndProject
Project("{2150E333-8FDC-42A3-9474-1A3956D46DE8}") = "tests", "tests", "{0AB3BF05-4346-4AA6-1389-037BE0695223}"
EndProject
Project("{FAE04EC0-301F-11D3-BF4B-00C04F79EFBC}") = "Harness.ArchitectureTests", "tests\Harness.ArchitectureTests\Harness.ArchitectureTests.csproj", "{7E0F9151-6983-407F-AB35-1C602E9477AB}"
EndProject
Project("{FAE04EC0-301F-11D3-BF4B-00C04F79EFBC}") = "Harness.ConcurrencyTests", "tests\Harness.ConcurrencyTests\Harness.ConcurrencyTests.csproj", "{8DC1B7EF-62CC-48C3-88C9-E856211F8BA3}"
EndProject
Project("{FAE04EC0-301F-11D3-BF4B-00C04F79EFBC}") = "Harness.ContractTests", "tests\Harness.ContractTests\Harness.ContractTests.csproj", "{47577C6F-9204-4C9E-ACE9-2381099914A2}"
EndProject
Project("{FAE04EC0-301F-11D3-BF4B-00C04F79EFBC}") = "Harness.IntegrationTests", "tests\Harness.IntegrationTests\Harness.IntegrationTests.csproj", "{C1C94A74-BE9A-43DC-8591-272C7FADD350}"
EndProject
Project("{FAE04EC0-301F-11D3-BF4B-00C04F79EFBC}") = "Harness.RecoveryTests", "tests\Harness.RecoveryTests\Harness.RecoveryTests.csproj", "{8A79B84F-8DEB-40BE-AC9D-451DCCD2D595}"
EndProject
Project("{FAE04EC0-301F-11D3-BF4B-00C04F79EFBC}") = "Harness.UnitTests", "tests\Harness.UnitTests\Harness.UnitTests.csproj", "{802E5CD2-BB8A-488F-932C-D1CA7E1BBB76}"
EndProject
Project("{FAE04EC0-301F-11D3-BF4B-00C04F79EFBC}") = "Harness.Persistence.Migration", "src\Harness.Persistence.Migration\Harness.Persistence.Migration.csproj", "{A4EFB0F9-E5BA-4A21-B2DE-0158FC4E019B}"
EndProject
Project("{2150E333-8FDC-42A3-9474-1A3956D46DE8}") = "tools", "tools", "{07C2787E-EAC7-C090-1BA3-A61EC2A24D84}"
EndProject
Project("{FAE04EC0-301F-11D3-BF4B-00C04F79EFBC}") = "Harness.Governance.Tool", "tools\Harness.Governance.Tool\Harness.Governance.Tool.csproj", "{75E4FF46-7FAF-4728-AFBD-FB95A807AAEC}"
EndProject
Global
	GlobalSection(SolutionConfigurationPlatforms) = preSolution
		Debug|Any CPU = Debug|Any CPU
		Debug|x64 = Debug|x64
		Debug|x86 = Debug|x86
		Release|Any CPU = Release|Any CPU
		Release|x64 = Release|x64
		Release|x86 = Release|x86
	EndGlobalSection
	GlobalSection(ProjectConfigurationPlatforms) = postSolution
		{37926777-241C-495B-8CE0-3D3E7522CAA8}.Debug|Any CPU.ActiveCfg = Debug|Any CPU
		{37926777-241C-495B-8CE0-3D3E7522CAA8}.Debug|Any CPU.Build.0 = Debug|Any CPU
		{37926777-241C-495B-8CE0-3D3E7522CAA8}.Debug|x64.ActiveCfg = Debug|Any CPU
		{37926777-241C-495B-8CE0-3D3E7522CAA8}.Debug|x64.Build.0 = Debug|Any CPU
		{37926777-241C-495B-8CE0-3D3E7522CAA8}.Debug|x86.ActiveCfg = Debug|Any CPU
		{37926777-241C-495B-8CE0-3D3E7522CAA8}.Debug|x86.Build.0 = Debug|Any CPU
		{37926777-241C-495B-8CE0-3D3E7522CAA8}.Release|Any CPU.ActiveCfg = Release|Any CPU
		{37926777-241C-495B-8CE0-3D3E7522CAA8}.Release|Any CPU.Build.0 = Release|Any CPU
		{37926777-241C-495B-8CE0-3D3E7522CAA8}.Release|x64.ActiveCfg = Release|Any CPU
		{37926777-241C-495B-8CE0-3D3E7522CAA8}.Release|x64.Build.0 = Release|Any CPU
		{37926777-241C-495B-8CE0-3D3E7522CAA8}.Release|x86.ActiveCfg = Release|Any CPU
		{37926777-241C-495B-8CE0-3D3E7522CAA8}.Release|x86.Build.0 = Release|Any CPU
		{BB2655B7-D86F-4FC5-82F4-4E7287FA753F}.Debug|Any CPU.ActiveCfg = Debug|Any CPU
		{BB2655B7-D86F-4FC5-82F4-4E7287FA753F}.Debug|Any CPU.Build.0 = Debug|Any CPU
		{BB2655B7-D86F-4FC5-82F4-4E7287FA753F}.Debug|x64.ActiveCfg = Debug|Any CPU
		{BB2655B7-D86F-4FC5-82F4-4E7287FA753F}.Debug|x64.Build.0 = Debug|Any CPU
		{BB2655B7-D86F-4FC5-82F4-4E7287FA753F}.Debug|x86.ActiveCfg = Debug|Any CPU
		{BB2655B7-D86F-4FC5-82F4-4E7287FA753F}.Debug|x86.Build.0 = Debug|Any CPU
		{BB2655B7-D86F-4FC5-82F4-4E7287FA753F}.Release|Any CPU.ActiveCfg = Release|Any CPU
		{BB2655B7-D86F-4FC5-82F4-4E7287FA753F}.Release|Any CPU.Build.0 = Release|Any CPU
		{BB2655B7-D86F-4FC5-82F4-4E7287FA753F}.Release|x64.ActiveCfg = Release|Any CPU
		{BB2655B7-D86F-4FC5-82F4-4E7287FA753F}.Release|x64.Build.0 = Release|Any CPU
		{BB2655B7-D86F-4FC5-82F4-4E7287FA753F}.Release|x86.ActiveCfg = Release|Any CPU
		{BB2655B7-D86F-4FC5-82F4-4E7287FA753F}.Release|x86.Build.0 = Release|Any CPU
		{E0FFD1CC-3776-42D7-BE23-84A9C71DC7AB}.Debug|Any CPU.ActiveCfg = Debug|Any CPU
		{E0FFD1CC-3776-42D7-BE23-84A9C71DC7AB}.Debug|Any CPU.Build.0 = Debug|Any CPU
		{E0FFD1CC-3776-42D7-BE23-84A9C71DC7AB}.Debug|x64.ActiveCfg = Debug|Any CPU
		{E0FFD1CC-3776-42D7-BE23-84A9C71DC7AB}.Debug|x64.Build.0 = Debug|Any CPU
		{E0FFD1CC-3776-42D7-BE23-84A9C71DC7AB}.Debug|x86.ActiveCfg = Debug|Any CPU
		{E0FFD1CC-3776-42D7-BE23-84A9C71DC7AB}.Debug|x86.Build.0 = Debug|Any CPU
		{E0FFD1CC-3776-42D7-BE23-84A9C71DC7AB}.Release|Any CPU.ActiveCfg = Release|Any CPU
		{E0FFD1CC-3776-42D7-BE23-84A9C71DC7AB}.Release|Any CPU.Build.0 = Release|Any CPU
		{E0FFD1CC-3776-42D7-BE23-84A9C71DC7AB}.Release|x64.ActiveCfg = Release|Any CPU
		{E0FFD1CC-3776-42D7-BE23-84A9C71DC7AB}.Release|x64.Build.0 = Release|Any CPU
		{E0FFD1CC-3776-42D7-BE23-84A9C71DC7AB}.Release|x86.ActiveCfg = Release|Any CPU
		{E0FFD1CC-3776-42D7-BE23-84A9C71DC7AB}.Release|x86.Build.0 = Release|Any CPU
		{0E6D66B1-445D-4FC0-9C18-FB7911766529}.Debug|Any CPU.ActiveCfg = Debug|Any CPU
		{0E6D66B1-445D-4FC0-9C18-FB7911766529}.Debug|Any CPU.Build.0 = Debug|Any CPU
		{0E6D66B1-445D-4FC0-9C18-FB7911766529}.Debug|x64.ActiveCfg = Debug|Any CPU
		{0E6D66B1-445D-4FC0-9C18-FB7911766529}.Debug|x64.Build.0 = Debug|Any CPU
		{0E6D66B1-445D-4FC0-9C18-FB7911766529}.Debug|x86.ActiveCfg = Debug|Any CPU
		{0E6D66B1-445D-4FC0-9C18-FB7911766529}.Debug|x86.Build.0 = Debug|Any CPU
		{0E6D66B1-445D-4FC0-9C18-FB7911766529}.Release|Any CPU.ActiveCfg = Release|Any CPU
		{0E6D66B1-445D-4FC0-9C18-FB7911766529}.Release|Any CPU.Build.0 = Release|Any CPU
		{0E6D66B1-445D-4FC0-9C18-FB7911766529}.Release|x64.ActiveCfg = Release|Any CPU
		{0E6D66B1-445D-4FC0-9C18-FB7911766529}.Release|x64.Build.0 = Release|Any CPU
		{0E6D66B1-445D-4FC0-9C18-FB7911766529}.Release|x86.ActiveCfg = Release|Any CPU
		{0E6D66B1-445D-4FC0-9C18-FB7911766529}.Release|x86.Build.0 = Release|Any CPU
		{17B16AF8-7257-4065-B35B-DE64729A678B}.Debug|Any CPU.ActiveCfg = Debug|Any CPU
		{17B16AF8-7257-4065-B35B-DE64729A678B}.Debug|Any CPU.Build.0 = Debug|Any CPU
		{17B16AF8-7257-4065-B35B-DE64729A678B}.Debug|x64.ActiveCfg = Debug|Any CPU
		{17B16AF8-7257-4065-B35B-DE64729A678B}.Debug|x64.Build.0 = Debug|Any CPU
		{17B16AF8-7257-4065-B35B-DE64729A678B}.Debug|x86.ActiveCfg = Debug|Any CPU
		{17B16AF8-7257-4065-B35B-DE64729A678B}.Debug|x86.Build.0 = Debug|Any CPU
		{17B16AF8-7257-4065-B35B-DE64729A678B}.Release|Any CPU.ActiveCfg = Release|Any CPU
		{17B16AF8-7257-4065-B35B-DE64729A678B}.Release|Any CPU.Build.0 = Release|Any CPU
		{17B16AF8-7257-4065-B35B-DE64729A678B}.Release|x64.ActiveCfg = Release|Any CPU
		{17B16AF8-7257-4065-B35B-DE64729A678B}.Release|x64.Build.0 = Release|Any CPU
		{17B16AF8-7257-4065-B35B-DE64729A678B}.Release|x86.ActiveCfg = Release|Any CPU
		{17B16AF8-7257-4065-B35B-DE64729A678B}.Release|x86.Build.0 = Release|Any CPU
		{CB3ABD03-A5DC-4CFD-9DDB-E6AE3563AE09}.Debug|Any CPU.ActiveCfg = Debug|Any CPU
		{CB3ABD03-A5DC-4CFD-9DDB-E6AE3563AE09}.Debug|Any CPU.Build.0 = Debug|Any CPU
		{CB3ABD03-A5DC-4CFD-9DDB-E6AE3563AE09}.Debug|x64.ActiveCfg = Debug|Any CPU
		{CB3ABD03-A5DC-4CFD-9DDB-E6AE3563AE09}.Debug|x64.Build.0 = Debug|Any CPU
		{CB3ABD03-A5DC-4CFD-9DDB-E6AE3563AE09}.Debug|x86.ActiveCfg = Debug|Any CPU
		{CB3ABD03-A5DC-4CFD-9DDB-E6AE3563AE09}.Debug|x86.Build.0 = Debug|Any CPU
		{CB3ABD03-A5DC-4CFD-9DDB-E6AE3563AE09}.Release|Any CPU.ActiveCfg = Release|Any CPU
		{CB3ABD03-A5DC-4CFD-9DDB-E6AE3563AE09}.Release|Any CPU.Build.0 = Release|Any CPU
		{CB3ABD03-A5DC-4CFD-9DDB-E6AE3563AE09}.Release|x64.ActiveCfg = Release|Any CPU
		{CB3ABD03-A5DC-4CFD-9DDB-E6AE3563AE09}.Release|x64.Build.0 = Release|Any CPU
		{CB3ABD03-A5DC-4CFD-9DDB-E6AE3563AE09}.Release|x86.ActiveCfg = Release|Any CPU
		{CB3ABD03-A5DC-4CFD-9DDB-E6AE3563AE09}.Release|x86.Build.0 = Release|Any CPU
		{4EF73128-4E36-490C-8112-47EE5A788609}.Debug|Any CPU.ActiveCfg = Debug|Any CPU
		{4EF73128-4E36-490C-8112-47EE5A788609}.Debug|Any CPU.Build.0 = Debug|Any CPU
		{4EF73128-4E36-490C-8112-47EE5A788609}.Debug|x64.ActiveCfg = Debug|Any CPU
		{4EF73128-4E36-490C-8112-47EE5A788609}.Debug|x64.Build.0 = Debug|Any CPU
		{4EF73128-4E36-490C-8112-47EE5A788609}.Debug|x86.ActiveCfg = Debug|Any CPU
		{4EF73128-4E36-490C-8112-47EE5A788609}.Debug|x86.Build.0 = Debug|Any CPU
		{4EF73128-4E36-490C-8112-47EE5A788609}.Release|Any CPU.ActiveCfg = Release|Any CPU
		{4EF73128-4E36-490C-8112-47EE5A788609}.Release|Any CPU.Build.0 = Release|Any CPU
		{4EF73128-4E36-490C-8112-47EE5A788609}.Release|x64.ActiveCfg = Release|Any CPU
		{4EF73128-4E36-490C-8112-47EE5A788609}.Release|x64.Build.0 = Release|Any CPU
		{4EF73128-4E36-490C-8112-47EE5A788609}.Release|x86.ActiveCfg = Release|Any CPU
		{4EF73128-4E36-490C-8112-47EE5A788609}.Release|x86.Build.0 = Release|Any CPU
		{A685D3B9-D84B-4943-9BD3-8E12C9EC68E0}.Debug|Any CPU.ActiveCfg = Debug|Any CPU
		{A685D3B9-D84B-4943-9BD3-8E12C9EC68E0}.Debug|Any CPU.Build.0 = Debug|Any CPU
		{A685D3B9-D84B-4943-9BD3-8E12C9EC68E0}.Debug|x64.ActiveCfg = Debug|Any CPU
		{A685D3B9-D84B-4943-9BD3-8E12C9EC68E0}.Debug|x64.Build.0 = Debug|Any CPU
		{A685D3B9-D84B-4943-9BD3-8E12C9EC68E0}.Debug|x86.ActiveCfg = Debug|Any CPU
		{A685D3B9-D84B-4943-9BD3-8E12C9EC68E0}.Debug|x86.Build.0 = Debug|Any CPU
		{A685D3B9-D84B-4943-9BD3-8E12C9EC68E0}.Release|Any CPU.ActiveCfg = Release|Any CPU
		{A685D3B9-D84B-4943-9BD3-8E12C9EC68E0}.Release|Any CPU.Build.0 = Release|Any CPU
		{A685D3B9-D84B-4943-9BD3-8E12C9EC68E0}.Release|x64.ActiveCfg = Release|Any CPU
		{A685D3B9-D84B-4943-9BD3-8E12C9EC68E0}.Release|x64.Build.0 = Release|Any CPU
		{A685D3B9-D84B-4943-9BD3-8E12C9EC68E0}.Release|x86.ActiveCfg = Release|Any CPU
		{A685D3B9-D84B-4943-9BD3-8E12C9EC68E0}.Release|x86.Build.0 = Release|Any CPU
		{2B1AE19C-F849-4E21-8670-C25E111B321F}.Debug|Any CPU.ActiveCfg = Debug|Any CPU
		{2B1AE19C-F849-4E21-8670-C25E111B321F}.Debug|Any CPU.Build.0 = Debug|Any CPU
		{2B1AE19C-F849-4E21-8670-C25E111B321F}.Debug|x64.ActiveCfg = Debug|Any CPU
		{2B1AE19C-F849-4E21-8670-C25E111B321F}.Debug|x64.Build.0 = Debug|Any CPU
		{2B1AE19C-F849-4E21-8670-C25E111B321F}.Debug|x86.ActiveCfg = Debug|Any CPU
		{2B1AE19C-F849-4E21-8670-C25E111B321F}.Debug|x86.Build.0 = Debug|Any CPU
		{2B1AE19C-F849-4E21-8670-C25E111B321F}.Release|Any CPU.ActiveCfg = Release|Any CPU
		{2B1AE19C-F849-4E21-8670-C25E111B321F}.Release|Any CPU.Build.0 = Release|Any CPU
		{2B1AE19C-F849-4E21-8670-C25E111B321F}.Release|x64.ActiveCfg = Release|Any CPU
		{2B1AE19C-F849-4E21-8670-C25E111B321F}.Release|x64.Build.0 = Release|Any CPU
		{2B1AE19C-F849-4E21-8670-C25E111B321F}.Release|x86.ActiveCfg = Release|Any CPU
		{2B1AE19C-F849-4E21-8670-C25E111B321F}.Release|x86.Build.0 = Release|Any CPU
		{291F2FCA-40A0-48F2-8057-6827A2659066}.Debug|Any CPU.ActiveCfg = Debug|Any CPU
		{291F2FCA-40A0-48F2-8057-6827A2659066}.Debug|Any CPU.Build.0 = Debug|Any CPU
		{291F2FCA-40A0-48F2-8057-6827A2659066}.Debug|x64.ActiveCfg = Debug|Any CPU
		{291F2FCA-40A0-48F2-8057-6827A2659066}.Debug|x64.Build.0 = Debug|Any CPU
		{291F2FCA-40A0-48F2-8057-6827A2659066}.Debug|x86.ActiveCfg = Debug|Any CPU
		{291F2FCA-40A0-48F2-8057-6827A2659066}.Debug|x86.Build.0 = Debug|Any CPU
		{291F2FCA-40A0-48F2-8057-6827A2659066}.Release|Any CPU.ActiveCfg = Release|Any CPU
		{291F2FCA-40A0-48F2-8057-6827A2659066}.Release|Any CPU.Build.0 = Release|Any CPU
		{291F2FCA-40A0-48F2-8057-6827A2659066}.Release|x64.ActiveCfg = Release|Any CPU
		{291F2FCA-40A0-48F2-8057-6827A2659066}.Release|x64.Build.0 = Release|Any CPU
		{291F2FCA-40A0-48F2-8057-6827A2659066}.Release|x86.ActiveCfg = Release|Any CPU
		{291F2FCA-40A0-48F2-8057-6827A2659066}.Release|x86.Build.0 = Release|Any CPU
		{3E8F5DBA-9704-41F1-8535-97573438505D}.Debug|Any CPU.ActiveCfg = Debug|Any CPU
		{3E8F5DBA-9704-41F1-8535-97573438505D}.Debug|Any CPU.Build.0 = Debug|Any CPU
		{3E8F5DBA-9704-41F1-8535-97573438505D}.Debug|x64.ActiveCfg = Debug|Any CPU
		{3E8F5DBA-9704-41F1-8535-97573438505D}.Debug|x64.Build.0 = Debug|Any CPU
		{3E8F5DBA-9704-41F1-8535-97573438505D}.Debug|x86.ActiveCfg = Debug|Any CPU
		{3E8F5DBA-9704-41F1-8535-97573438505D}.Debug|x86.Build.0 = Debug|Any CPU
		{3E8F5DBA-9704-41F1-8535-97573438505D}.Release|Any CPU.ActiveCfg = Release|Any CPU
		{3E8F5DBA-9704-41F1-8535-97573438505D}.Release|Any CPU.Build.0 = Release|Any CPU
		{3E8F5DBA-9704-41F1-8535-97573438505D}.Release|x64.ActiveCfg = Release|Any CPU
		{3E8F5DBA-9704-41F1-8535-97573438505D}.Release|x64.Build.0 = Release|Any CPU
		{3E8F5DBA-9704-41F1-8535-97573438505D}.Release|x86.ActiveCfg = Release|Any CPU
		{3E8F5DBA-9704-41F1-8535-97573438505D}.Release|x86.Build.0 = Release|Any CPU
		{F3933FD9-65C9-4B11-8CEE-7AF52D4A1B07}.Debug|Any CPU.ActiveCfg = Debug|Any CPU
		{F3933FD9-65C9-4B11-8CEE-7AF52D4A1B07}.Debug|Any CPU.Build.0 = Debug|Any CPU
		{F3933FD9-65C9-4B11-8CEE-7AF52D4A1B07}.Debug|x64.ActiveCfg = Debug|Any CPU
		{F3933FD9-65C9-4B11-8CEE-7AF52D4A1B07}.Debug|x64.Build.0 = Debug|Any CPU
		{F3933FD9-65C9-4B11-8CEE-7AF52D4A1B07}.Debug|x86.ActiveCfg = Debug|Any CPU
		{F3933FD9-65C9-4B11-8CEE-7AF52D4A1B07}.Debug|x86.Build.0 = Debug|Any CPU
		{F3933FD9-65C9-4B11-8CEE-7AF52D4A1B07}.Release|Any CPU.ActiveCfg = Release|Any CPU
		{F3933FD9-65C9-4B11-8CEE-7AF52D4A1B07}.Release|Any CPU.Build.0 = Release|Any CPU
		{F3933FD9-65C9-4B11-8CEE-7AF52D4A1B07}.Release|x64.ActiveCfg = Release|Any CPU
		{F3933FD9-65C9-4B11-8CEE-7AF52D4A1B07}.Release|x64.Build.0 = Release|Any CPU
		{F3933FD9-65C9-4B11-8CEE-7AF52D4A1B07}.Release|x86.ActiveCfg = Release|Any CPU
		{F3933FD9-65C9-4B11-8CEE-7AF52D4A1B07}.Release|x86.Build.0 = Release|Any CPU
		{28BD6547-AFA7-4367-9D93-EEDB28CA6795}.Debug|Any CPU.ActiveCfg = Debug|Any CPU
		{28BD6547-AFA7-4367-9D93-EEDB28CA6795}.Debug|Any CPU.Build.0 = Debug|Any CPU
		{28BD6547-AFA7-4367-9D93-EEDB28CA6795}.Debug|x64.ActiveCfg = Debug|Any CPU
		{28BD6547-AFA7-4367-9D93-EEDB28CA6795}.Debug|x64.Build.0 = Debug|Any CPU
		{28BD6547-AFA7-4367-9D93-EEDB28CA6795}.Debug|x86.ActiveCfg = Debug|Any CPU
		{28BD6547-AFA7-4367-9D93-EEDB28CA6795}.Debug|x86.Build.0 = Debug|Any CPU
		{28BD6547-AFA7-4367-9D93-EEDB28CA6795}.Release|Any CPU.ActiveCfg = Release|Any CPU
		{28BD6547-AFA7-4367-9D93-EEDB28CA6795}.Release|Any CPU.Build.0 = Release|Any CPU
		{28BD6547-AFA7-4367-9D93-EEDB28CA6795}.Release|x64.ActiveCfg = Release|Any CPU
		{28BD6547-AFA7-4367-9D93-EEDB28CA6795}.Release|x64.Build.0 = Release|Any CPU
		{28BD6547-AFA7-4367-9D93-EEDB28CA6795}.Release|x86.ActiveCfg = Release|Any CPU
		{28BD6547-AFA7-4367-9D93-EEDB28CA6795}.Release|x86.Build.0 = Release|Any CPU
		{55985B49-F2F9-47A7-B73D-3CF300261D61}.Debug|Any CPU.ActiveCfg = Debug|Any CPU
		{55985B49-F2F9-47A7-B73D-3CF300261D61}.Debug|Any CPU.Build.0 = Debug|Any CPU
		{55985B49-F2F9-47A7-B73D-3CF300261D61}.Debug|x64.ActiveCfg = Debug|Any CPU
		{55985B49-F2F9-47A7-B73D-3CF300261D61}.Debug|x64.Build.0 = Debug|Any CPU
		{55985B49-F2F9-47A7-B73D-3CF300261D61}.Debug|x86.ActiveCfg = Debug|Any CPU
		{55985B49-F2F9-47A7-B73D-3CF300261D61}.Debug|x86.Build.0 = Debug|Any CPU
		{55985B49-F2F9-47A7-B73D-3CF300261D61}.Release|Any CPU.ActiveCfg = Release|Any CPU
		{55985B49-F2F9-47A7-B73D-3CF300261D61}.Release|Any CPU.Build.0 = Release|Any CPU
		{55985B49-F2F9-47A7-B73D-3CF300261D61}.Release|x64.ActiveCfg = Release|Any CPU
		{55985B49-F2F9-47A7-B73D-3CF300261D61}.Release|x64.Build.0 = Release|Any CPU
		{55985B49-F2F9-47A7-B73D-3CF300261D61}.Release|x86.ActiveCfg = Release|Any CPU
		{55985B49-F2F9-47A7-B73D-3CF300261D61}.Release|x86.Build.0 = Release|Any CPU
		{B5BA9A89-1013-4AE2-832F-BD6EDC790EB5}.Debug|Any CPU.ActiveCfg = Debug|Any CPU
		{B5BA9A89-1013-4AE2-832F-BD6EDC790EB5}.Debug|Any CPU.Build.0 = Debug|Any CPU
		{B5BA9A89-1013-4AE2-832F-BD6EDC790EB5}.Debug|x64.ActiveCfg = Debug|Any CPU
		{B5BA9A89-1013-4AE2-832F-BD6EDC790EB5}.Debug|x64.Build.0 = Debug|Any CPU
		{B5BA9A89-1013-4AE2-832F-BD6EDC790EB5}.Debug|x86.ActiveCfg = Debug|Any CPU
		{B5BA9A89-1013-4AE2-832F-BD6EDC790EB5}.Debug|x86.Build.0 = Debug|Any CPU
		{B5BA9A89-1013-4AE2-832F-BD6EDC790EB5}.Release|Any CPU.ActiveCfg = Release|Any CPU
		{B5BA9A89-1013-4AE2-832F-BD6EDC790EB5}.Release|Any CPU.Build.0 = Release|Any CPU
		{B5BA9A89-1013-4AE2-832F-BD6EDC790EB5}.Release|x64.ActiveCfg = Release|Any CPU
		{B5BA9A89-1013-4AE2-832F-BD6EDC790EB5}.Release|x64.Build.0 = Release|Any CPU
		{B5BA9A89-1013-4AE2-832F-BD6EDC790EB5}.Release|x86.ActiveCfg = Release|Any CPU
		{B5BA9A89-1013-4AE2-832F-BD6EDC790EB5}.Release|x86.Build.0 = Release|Any CPU
		{D561CCBA-46BD-46E6-9C6A-027101068A3A}.Debug|Any CPU.ActiveCfg = Debug|Any CPU
		{D561CCBA-46BD-46E6-9C6A-027101068A3A}.Debug|Any CPU.Build.0 = Debug|Any CPU
		{D561CCBA-46BD-46E6-9C6A-027101068A3A}.Debug|x64.ActiveCfg = Debug|Any CPU
		{D561CCBA-46BD-46E6-9C6A-027101068A3A}.Debug|x64.Build.0 = Debug|Any CPU
		{D561CCBA-46BD-46E6-9C6A-027101068A3A}.Debug|x86.ActiveCfg = Debug|Any CPU
		{D561CCBA-46BD-46E6-9C6A-027101068A3A}.Debug|x86.Build.0 = Debug|Any CPU
		{D561CCBA-46BD-46E6-9C6A-027101068A3A}.Release|Any CPU.ActiveCfg = Release|Any CPU
		{D561CCBA-46BD-46E6-9C6A-027101068A3A}.Release|Any CPU.Build.0 = Release|Any CPU
		{D561CCBA-46BD-46E6-9C6A-027101068A3A}.Release|x64.ActiveCfg = Release|Any CPU
		{D561CCBA-46BD-46E6-9C6A-027101068A3A}.Release|x64.Build.0 = Release|Any CPU
		{D561CCBA-46BD-46E6-9C6A-027101068A3A}.Release|x86.ActiveCfg = Release|Any CPU
		{D561CCBA-46BD-46E6-9C6A-027101068A3A}.Release|x86.Build.0 = Release|Any CPU
		{6EC1211C-60D9-42A7-BD65-CEBE382DF621}.Debug|Any CPU.ActiveCfg = Debug|Any CPU
		{6EC1211C-60D9-42A7-BD65-CEBE382DF621}.Debug|Any CPU.Build.0 = Debug|Any CPU
		{6EC1211C-60D9-42A7-BD65-CEBE382DF621}.Debug|x64.ActiveCfg = Debug|Any CPU
		{6EC1211C-60D9-42A7-BD65-CEBE382DF621}.Debug|x64.Build.0 = Debug|Any CPU
		{6EC1211C-60D9-42A7-BD65-CEBE382DF621}.Debug|x86.ActiveCfg = Debug|Any CPU
		{6EC1211C-60D9-42A7-BD65-CEBE382DF621}.Debug|x86.Build.0 = Debug|Any CPU
		{6EC1211C-60D9-42A7-BD65-CEBE382DF621}.Release|Any CPU.ActiveCfg = Release|Any CPU
		{6EC1211C-60D9-42A7-BD65-CEBE382DF621}.Release|Any CPU.Build.0 = Release|Any CPU
		{6EC1211C-60D9-42A7-BD65-CEBE382DF621}.Release|x64.ActiveCfg = Release|Any CPU
		{6EC1211C-60D9-42A7-BD65-CEBE382DF621}.Release|x64.Build.0 = Release|Any CPU
		{6EC1211C-60D9-42A7-BD65-CEBE382DF621}.Release|x86.ActiveCfg = Release|Any CPU
		{6EC1211C-60D9-42A7-BD65-CEBE382DF621}.Release|x86.Build.0 = Release|Any CPU
		{E0A916F5-21F1-4224-B307-E7467EBF52A2}.Debug|Any CPU.ActiveCfg = Debug|Any CPU
		{E0A916F5-21F1-4224-B307-E7467EBF52A2}.Debug|Any CPU.Build.0 = Debug|Any CPU
		{E0A916F5-21F1-4224-B307-E7467EBF52A2}.Debug|x64.ActiveCfg = Debug|Any CPU
		{E0A916F5-21F1-4224-B307-E7467EBF52A2}.Debug|x64.Build.0 = Debug|Any CPU
		{E0A916F5-21F1-4224-B307-E7467EBF52A2}.Debug|x86.ActiveCfg = Debug|Any CPU
		{E0A916F5-21F1-4224-B307-E7467EBF52A2}.Debug|x86.Build.0 = Debug|Any CPU
		{E0A916F5-21F1-4224-B307-E7467EBF52A2}.Release|Any CPU.ActiveCfg = Release|Any CPU
		{E0A916F5-21F1-4224-B307-E7467EBF52A2}.Release|Any CPU.Build.0 = Release|Any CPU
		{E0A916F5-21F1-4224-B307-E7467EBF52A2}.Release|x64.ActiveCfg = Release|Any CPU
		{E0A916F5-21F1-4224-B307-E7467EBF52A2}.Release|x64.Build.0 = Release|Any CPU
		{E0A916F5-21F1-4224-B307-E7467EBF52A2}.Release|x86.ActiveCfg = Release|Any CPU
		{E0A916F5-21F1-4224-B307-E7467EBF52A2}.Release|x86.Build.0 = Release|Any CPU
		{A0CE1AFD-85FF-4DB7-86C2-4A126D9DEEE4}.Debug|Any CPU.ActiveCfg = Debug|Any CPU
		{A0CE1AFD-85FF-4DB7-86C2-4A126D9DEEE4}.Debug|Any CPU.Build.0 = Debug|Any CPU
		{A0CE1AFD-85FF-4DB7-86C2-4A126D9DEEE4}.Debug|x64.ActiveCfg = Debug|Any CPU
		{A0CE1AFD-85FF-4DB7-86C2-4A126D9DEEE4}.Debug|x64.Build.0 = Debug|Any CPU
		{A0CE1AFD-85FF-4DB7-86C2-4A126D9DEEE4}.Debug|x86.ActiveCfg = Debug|Any CPU
		{A0CE1AFD-85FF-4DB7-86C2-4A126D9DEEE4}.Debug|x86.Build.0 = Debug|Any CPU
		{A0CE1AFD-85FF-4DB7-86C2-4A126D9DEEE4}.Release|Any CPU.ActiveCfg = Release|Any CPU
		{A0CE1AFD-85FF-4DB7-86C2-4A126D9DEEE4}.Release|Any CPU.Build.0 = Release|Any CPU
		{A0CE1AFD-85FF-4DB7-86C2-4A126D9DEEE4}.Release|x64.ActiveCfg = Release|Any CPU
		{A0CE1AFD-85FF-4DB7-86C2-4A126D9DEEE4}.Release|x64.Build.0 = Release|Any CPU
		{A0CE1AFD-85FF-4DB7-86C2-4A126D9DEEE4}.Release|x86.ActiveCfg = Release|Any CPU
		{A0CE1AFD-85FF-4DB7-86C2-4A126D9DEEE4}.Release|x86.Build.0 = Release|Any CPU
		{D94ED654-0EEA-4F41-B725-12F2F7B47748}.Debug|Any CPU.ActiveCfg = Debug|Any CPU
		{D94ED654-0EEA-4F41-B725-12F2F7B47748}.Debug|Any CPU.Build.0 = Debug|Any CPU
		{D94ED654-0EEA-4F41-B725-12F2F7B47748}.Debug|x64.ActiveCfg = Debug|Any CPU
		{D94ED654-0EEA-4F41-B725-12F2F7B47748}.Debug|x64.Build.0 = Debug|Any CPU
		{D94ED654-0EEA-4F41-B725-12F2F7B47748}.Debug|x86.ActiveCfg = Debug|Any CPU
		{D94ED654-0EEA-4F41-B725-12F2F7B47748}.Debug|x86.Build.0 = Debug|Any CPU
		{D94ED654-0EEA-4F41-B725-12F2F7B47748}.Release|Any CPU.ActiveCfg = Release|Any CPU
		{D94ED654-0EEA-4F41-B725-12F2F7B47748}.Release|Any CPU.Build.0 = Release|Any CPU
		{D94ED654-0EEA-4F41-B725-12F2F7B47748}.Release|x64.ActiveCfg = Release|Any CPU
		{D94ED654-0EEA-4F41-B725-12F2F7B47748}.Release|x64.Build.0 = Release|Any CPU
		{D94ED654-0EEA-4F41-B725-12F2F7B47748}.Release|x86.ActiveCfg = Release|Any CPU
		{D94ED654-0EEA-4F41-B725-12F2F7B47748}.Release|x86.Build.0 = Release|Any CPU
		{A32B0BE6-C5D8-4459-A72E-24F8468B6FC2}.Debug|Any CPU.ActiveCfg = Debug|Any CPU
		{A32B0BE6-C5D8-4459-A72E-24F8468B6FC2}.Debug|Any CPU.Build.0 = Debug|Any CPU
		{A32B0BE6-C5D8-4459-A72E-24F8468B6FC2}.Debug|x64.ActiveCfg = Debug|Any CPU
		{A32B0BE6-C5D8-4459-A72E-24F8468B6FC2}.Debug|x64.Build.0 = Debug|Any CPU
		{A32B0BE6-C5D8-4459-A72E-24F8468B6FC2}.Debug|x86.ActiveCfg = Debug|Any CPU
		{A32B0BE6-C5D8-4459-A72E-24F8468B6FC2}.Debug|x86.Build.0 = Debug|Any CPU
		{A32B0BE6-C5D8-4459-A72E-24F8468B6FC2}.Release|Any CPU.ActiveCfg = Release|Any CPU
		{A32B0BE6-C5D8-4459-A72E-24F8468B6FC2}.Release|Any CPU.Build.0 = Release|Any CPU
		{A32B0BE6-C5D8-4459-A72E-24F8468B6FC2}.Release|x64.ActiveCfg = Release|Any CPU
		{A32B0BE6-C5D8-4459-A72E-24F8468B6FC2}.Release|x64.Build.0 = Release|Any CPU
		{A32B0BE6-C5D8-4459-A72E-24F8468B6FC2}.Release|x86.ActiveCfg = Release|Any CPU
		{A32B0BE6-C5D8-4459-A72E-24F8468B6FC2}.Release|x86.Build.0 = Release|Any CPU
		{9E87D10C-30AF-48DB-A36F-818CB37CEED7}.Debug|Any CPU.ActiveCfg = Debug|Any CPU
		{9E87D10C-30AF-48DB-A36F-818CB37CEED7}.Debug|Any CPU.Build.0 = Debug|Any CPU
		{9E87D10C-30AF-48DB-A36F-818CB37CEED7}.Debug|x64.ActiveCfg = Debug|Any CPU
		{9E87D10C-30AF-48DB-A36F-818CB37CEED7}.Debug|x64.Build.0 = Debug|Any CPU
		{9E87D10C-30AF-48DB-A36F-818CB37CEED7}.Debug|x86.ActiveCfg = Debug|Any CPU
		{9E87D10C-30AF-48DB-A36F-818CB37CEED7}.Debug|x86.Build.0 = Debug|Any CPU
		{9E87D10C-30AF-48DB-A36F-818CB37CEED7}.Release|Any CPU.ActiveCfg = Release|Any CPU
		{9E87D10C-30AF-48DB-A36F-818CB37CEED7}.Release|Any CPU.Build.0 = Release|Any CPU
		{9E87D10C-30AF-48DB-A36F-818CB37CEED7}.Release|x64.ActiveCfg = Release|Any CPU
		{9E87D10C-30AF-48DB-A36F-818CB37CEED7}.Release|x64.Build.0 = Release|Any CPU
		{9E87D10C-30AF-48DB-A36F-818CB37CEED7}.Release|x86.ActiveCfg = Release|Any CPU
		{9E87D10C-30AF-48DB-A36F-818CB37CEED7}.Release|x86.Build.0 = Release|Any CPU
		{7E0F9151-6983-407F-AB35-1C602E9477AB}.Debug|Any CPU.ActiveCfg = Debug|Any CPU
		{7E0F9151-6983-407F-AB35-1C602E9477AB}.Debug|Any CPU.Build.0 = Debug|Any CPU
		{7E0F9151-6983-407F-AB35-1C602E9477AB}.Debug|x64.ActiveCfg = Debug|Any CPU
		{7E0F9151-6983-407F-AB35-1C602E9477AB}.Debug|x64.Build.0 = Debug|Any CPU
		{7E0F9151-6983-407F-AB35-1C602E9477AB}.Debug|x86.ActiveCfg = Debug|Any CPU
		{7E0F9151-6983-407F-AB35-1C602E9477AB}.Debug|x86.Build.0 = Debug|Any CPU
		{7E0F9151-6983-407F-AB35-1C602E9477AB}.Release|Any CPU.ActiveCfg = Release|Any CPU
		{7E0F9151-6983-407F-AB35-1C602E9477AB}.Release|Any CPU.Build.0 = Release|Any CPU
		{7E0F9151-6983-407F-AB35-1C602E9477AB}.Release|x64.ActiveCfg = Release|Any CPU
		{7E0F9151-6983-407F-AB35-1C602E9477AB}.Release|x64.Build.0 = Release|Any CPU
		{7E0F9151-6983-407F-AB35-1C602E9477AB}.Release|x86.ActiveCfg = Release|Any CPU
		{7E0F9151-6983-407F-AB35-1C602E9477AB}.Release|x86.Build.0 = Release|Any CPU
		{8DC1B7EF-62CC-48C3-88C9-E856211F8BA3}.Debug|Any CPU.ActiveCfg = Debug|Any CPU
		{8DC1B7EF-62CC-48C3-88C9-E856211F8BA3}.Debug|Any CPU.Build.0 = Debug|Any CPU
		{8DC1B7EF-62CC-48C3-88C9-E856211F8BA3}.Debug|x64.ActiveCfg = Debug|Any CPU
		{8DC1B7EF-62CC-48C3-88C9-E856211F8BA3}.Debug|x64.Build.0 = Debug|Any CPU
		{8DC1B7EF-62CC-48C3-88C9-E856211F8BA3}.Debug|x86.ActiveCfg = Debug|Any CPU
		{8DC1B7EF-62CC-48C3-88C9-E856211F8BA3}.Debug|x86.Build.0 = Debug|Any CPU
		{8DC1B7EF-62CC-48C3-88C9-E856211F8BA3}.Release|Any CPU.ActiveCfg = Release|Any CPU
		{8DC1B7EF-62CC-48C3-88C9-E856211F8BA3}.Release|Any CPU.Build.0 = Release|Any CPU
		{8DC1B7EF-62CC-48C3-88C9-E856211F8BA3}.Release|x64.ActiveCfg = Release|Any CPU
		{8DC1B7EF-62CC-48C3-88C9-E856211F8BA3}.Release|x64.Build.0 = Release|Any CPU
		{8DC1B7EF-62CC-48C3-88C9-E856211F8BA3}.Release|x86.ActiveCfg = Release|Any CPU
		{8DC1B7EF-62CC-48C3-88C9-E856211F8BA3}.Release|x86.Build.0 = Release|Any CPU
		{47577C6F-9204-4C9E-ACE9-2381099914A2}.Debug|Any CPU.ActiveCfg = Debug|Any CPU
		{47577C6F-9204-4C9E-ACE9-2381099914A2}.Debug|Any CPU.Build.0 = Debug|Any CPU
		{47577C6F-9204-4C9E-ACE9-2381099914A2}.Debug|x64.ActiveCfg = Debug|Any CPU
		{47577C6F-9204-4C9E-ACE9-2381099914A2}.Debug|x64.Build.0 = Debug|Any CPU
		{47577C6F-9204-4C9E-ACE9-2381099914A2}.Debug|x86.ActiveCfg = Debug|Any CPU
		{47577C6F-9204-4C9E-ACE9-2381099914A2}.Debug|x86.Build.0 = Debug|Any CPU
		{47577C6F-9204-4C9E-ACE9-2381099914A2}.Release|Any CPU.ActiveCfg = Release|Any CPU
		{47577C6F-9204-4C9E-ACE9-2381099914A2}.Release|Any CPU.Build.0 = Release|Any CPU
		{47577C6F-9204-4C9E-ACE9-2381099914A2}.Release|x64.ActiveCfg = Release|Any CPU
		{47577C6F-9204-4C9E-ACE9-2381099914A2}.Release|x64.Build.0 = Release|Any CPU
		{47577C6F-9204-4C9E-ACE9-2381099914A2}.Release|x86.ActiveCfg = Release|Any CPU
		{47577C6F-9204-4C9E-ACE9-2381099914A2}.Release|x86.Build.0 = Release|Any CPU
		{C1C94A74-BE9A-43DC-8591-272C7FADD350}.Debug|Any CPU.ActiveCfg = Debug|Any CPU
		{C1C94A74-BE9A-43DC-8591-272C7FADD350}.Debug|Any CPU.Build.0 = Debug|Any CPU
		{C1C94A74-BE9A-43DC-8591-272C7FADD350}.Debug|x64.ActiveCfg = Debug|Any CPU
		{C1C94A74-BE9A-43DC-8591-272C7FADD350}.Debug|x64.Build.0 = Debug|Any CPU
		{C1C94A74-BE9A-43DC-8591-272C7FADD350}.Debug|x86.ActiveCfg = Debug|Any CPU
		{C1C94A74-BE9A-43DC-8591-272C7FADD350}.Debug|x86.Build.0 = Debug|Any CPU
		{C1C94A74-BE9A-43DC-8591-272C7FADD350}.Release|Any CPU.ActiveCfg = Release|Any CPU
		{C1C94A74-BE9A-43DC-8591-272C7FADD350}.Release|Any CPU.Build.0 = Release|Any CPU
		{C1C94A74-BE9A-43DC-8591-272C7FADD350}.Release|x64.ActiveCfg = Release|Any CPU
		{C1C94A74-BE9A-43DC-8591-272C7FADD350}.Release|x64.Build.0 = Release|Any CPU
		{C1C94A74-BE9A-43DC-8591-272C7FADD350}.Release|x86.ActiveCfg = Release|Any CPU
		{C1C94A74-BE9A-43DC-8591-272C7FADD350}.Release|x86.Build.0 = Release|Any CPU
		{8A79B84F-8DEB-40BE-AC9D-451DCCD2D595}.Debug|Any CPU.ActiveCfg = Debug|Any CPU
		{8A79B84F-8DEB-40BE-AC9D-451DCCD2D595}.Debug|Any CPU.Build.0 = Debug|Any CPU
		{8A79B84F-8DEB-40BE-AC9D-451DCCD2D595}.Debug|x64.ActiveCfg = Debug|Any CPU
		{8A79B84F-8DEB-40BE-AC9D-451DCCD2D595}.Debug|x64.Build.0 = Debug|Any CPU
		{8A79B84F-8DEB-40BE-AC9D-451DCCD2D595}.Debug|x86.ActiveCfg = Debug|Any CPU
		{8A79B84F-8DEB-40BE-AC9D-451DCCD2D595}.Debug|x86.Build.0 = Debug|Any CPU
		{8A79B84F-8DEB-40BE-AC9D-451DCCD2D595}.Release|Any CPU.ActiveCfg = Release|Any CPU
		{8A79B84F-8DEB-40BE-AC9D-451DCCD2D595}.Release|Any CPU.Build.0 = Release|Any CPU
		{8A79B84F-8DEB-40BE-AC9D-451DCCD2D595}.Release|x64.ActiveCfg = Release|Any CPU
		{8A79B84F-8DEB-40BE-AC9D-451DCCD2D595}.Release|x64.Build.0 = Release|Any CPU
		{8A79B84F-8DEB-40BE-AC9D-451DCCD2D595}.Release|x86.ActiveCfg = Release|Any CPU
		{8A79B84F-8DEB-40BE-AC9D-451DCCD2D595}.Release|x86.Build.0 = Release|Any CPU
		{802E5CD2-BB8A-488F-932C-D1CA7E1BBB76}.Debug|Any CPU.ActiveCfg = Debug|Any CPU
		{802E5CD2-BB8A-488F-932C-D1CA7E1BBB76}.Debug|Any CPU.Build.0 = Debug|Any CPU
		{802E5CD2-BB8A-488F-932C-D1CA7E1BBB76}.Debug|x64.ActiveCfg = Debug|Any CPU
		{802E5CD2-BB8A-488F-932C-D1CA7E1BBB76}.Debug|x64.Build.0 = Debug|Any CPU
		{802E5CD2-BB8A-488F-932C-D1CA7E1BBB76}.Debug|x86.ActiveCfg = Debug|Any CPU
		{802E5CD2-BB8A-488F-932C-D1CA7E1BBB76}.Debug|x86.Build.0 = Debug|Any CPU
		{802E5CD2-BB8A-488F-932C-D1CA7E1BBB76}.Release|Any CPU.ActiveCfg = Release|Any CPU
		{802E5CD2-BB8A-488F-932C-D1CA7E1BBB76}.Release|Any CPU.Build.0 = Release|Any CPU
		{802E5CD2-BB8A-488F-932C-D1CA7E1BBB76}.Release|x64.ActiveCfg = Release|Any CPU
		{802E5CD2-BB8A-488F-932C-D1CA7E1BBB76}.Release|x64.Build.0 = Release|Any CPU
		{802E5CD2-BB8A-488F-932C-D1CA7E1BBB76}.Release|x86.ActiveCfg = Release|Any CPU
		{802E5CD2-BB8A-488F-932C-D1CA7E1BBB76}.Release|x86.Build.0 = Release|Any CPU
		{A4EFB0F9-E5BA-4A21-B2DE-0158FC4E019B}.Debug|Any CPU.ActiveCfg = Debug|Any CPU
		{A4EFB0F9-E5BA-4A21-B2DE-0158FC4E019B}.Debug|Any CPU.Build.0 = Debug|Any CPU
		{A4EFB0F9-E5BA-4A21-B2DE-0158FC4E019B}.Debug|x64.ActiveCfg = Debug|Any CPU
		{A4EFB0F9-E5BA-4A21-B2DE-0158FC4E019B}.Debug|x64.Build.0 = Debug|Any CPU
		{A4EFB0F9-E5BA-4A21-B2DE-0158FC4E019B}.Debug|x86.ActiveCfg = Debug|Any CPU
		{A4EFB0F9-E5BA-4A21-B2DE-0158FC4E019B}.Debug|x86.Build.0 = Debug|Any CPU
		{A4EFB0F9-E5BA-4A21-B2DE-0158FC4E019B}.Release|Any CPU.ActiveCfg = Release|Any CPU
		{A4EFB0F9-E5BA-4A21-B2DE-0158FC4E019B}.Release|Any CPU.Build.0 = Release|Any CPU
		{A4EFB0F9-E5BA-4A21-B2DE-0158FC4E019B}.Release|x64.ActiveCfg = Release|Any CPU
		{A4EFB0F9-E5BA-4A21-B2DE-0158FC4E019B}.Release|x64.Build.0 = Release|Any CPU
		{A4EFB0F9-E5BA-4A21-B2DE-0158FC4E019B}.Release|x86.ActiveCfg = Release|Any CPU
		{A4EFB0F9-E5BA-4A21-B2DE-0158FC4E019B}.Release|x86.Build.0 = Release|Any CPU
		{75E4FF46-7FAF-4728-AFBD-FB95A807AAEC}.Debug|Any CPU.ActiveCfg = Debug|Any CPU
		{75E4FF46-7FAF-4728-AFBD-FB95A807AAEC}.Debug|Any CPU.Build.0 = Debug|Any CPU
		{75E4FF46-7FAF-4728-AFBD-FB95A807AAEC}.Debug|x64.ActiveCfg = Debug|Any CPU
		{75E4FF46-7FAF-4728-AFBD-FB95A807AAEC}.Debug|x64.Build.0 = Debug|Any CPU
		{75E4FF46-7FAF-4728-AFBD-FB95A807AAEC}.Debug|x86.ActiveCfg = Debug|Any CPU
		{75E4FF46-7FAF-4728-AFBD-FB95A807AAEC}.Debug|x86.Build.0 = Debug|Any CPU
		{75E4FF46-7FAF-4728-AFBD-FB95A807AAEC}.Release|Any CPU.ActiveCfg = Release|Any CPU
		{75E4FF46-7FAF-4728-AFBD-FB95A807AAEC}.Release|Any CPU.Build.0 = Release|Any CPU
		{75E4FF46-7FAF-4728-AFBD-FB95A807AAEC}.Release|x64.ActiveCfg = Release|Any CPU
		{75E4FF46-7FAF-4728-AFBD-FB95A807AAEC}.Release|x64.Build.0 = Release|Any CPU
		{75E4FF46-7FAF-4728-AFBD-FB95A807AAEC}.Release|x86.ActiveCfg = Release|Any CPU
		{75E4FF46-7FAF-4728-AFBD-FB95A807AAEC}.Release|x86.Build.0 = Release|Any CPU
	EndGlobalSection
	GlobalSection(SolutionProperties) = preSolution
		HideSolutionNode = FALSE
	EndGlobalSection
	GlobalSection(NestedProjects) = preSolution
		{37926777-241C-495B-8CE0-3D3E7522CAA8} = {827E0CD3-B72D-47B6-A68D-7590B98EB39B}
		{BB2655B7-D86F-4FC5-82F4-4E7287FA753F} = {827E0CD3-B72D-47B6-A68D-7590B98EB39B}
		{E0FFD1CC-3776-42D7-BE23-84A9C71DC7AB} = {827E0CD3-B72D-47B6-A68D-7590B98EB39B}
		{0E6D66B1-445D-4FC0-9C18-FB7911766529} = {827E0CD3-B72D-47B6-A68D-7590B98EB39B}
		{17B16AF8-7257-4065-B35B-DE64729A678B} = {827E0CD3-B72D-47B6-A68D-7590B98EB39B}
		{CB3ABD03-A5DC-4CFD-9DDB-E6AE3563AE09} = {827E0CD3-B72D-47B6-A68D-7590B98EB39B}
		{4EF73128-4E36-490C-8112-47EE5A788609} = {827E0CD3-B72D-47B6-A68D-7590B98EB39B}
		{EC447DCF-ABFA-6E24-52A5-D7FD48A5C558} = {827E0CD3-B72D-47B6-A68D-7590B98EB39B}
		{A685D3B9-D84B-4943-9BD3-8E12C9EC68E0} = {EC447DCF-ABFA-6E24-52A5-D7FD48A5C558}
		{2B1AE19C-F849-4E21-8670-C25E111B321F} = {EC447DCF-ABFA-6E24-52A5-D7FD48A5C558}
		{291F2FCA-40A0-48F2-8057-6827A2659066} = {EC447DCF-ABFA-6E24-52A5-D7FD48A5C558}
		{3E8F5DBA-9704-41F1-8535-97573438505D} = {EC447DCF-ABFA-6E24-52A5-D7FD48A5C558}
		{F3933FD9-65C9-4B11-8CEE-7AF52D4A1B07} = {EC447DCF-ABFA-6E24-52A5-D7FD48A5C558}
		{28BD6547-AFA7-4367-9D93-EEDB28CA6795} = {EC447DCF-ABFA-6E24-52A5-D7FD48A5C558}
		{55985B49-F2F9-47A7-B73D-3CF300261D61} = {EC447DCF-ABFA-6E24-52A5-D7FD48A5C558}
		{B5BA9A89-1013-4AE2-832F-BD6EDC790EB5} = {EC447DCF-ABFA-6E24-52A5-D7FD48A5C558}
		{D561CCBA-46BD-46E6-9C6A-027101068A3A} = {EC447DCF-ABFA-6E24-52A5-D7FD48A5C558}
		{6EC1211C-60D9-42A7-BD65-CEBE382DF621} = {EC447DCF-ABFA-6E24-52A5-D7FD48A5C558}
		{E0A916F5-21F1-4224-B307-E7467EBF52A2} = {EC447DCF-ABFA-6E24-52A5-D7FD48A5C558}
		{A0CE1AFD-85FF-4DB7-86C2-4A126D9DEEE4} = {EC447DCF-ABFA-6E24-52A5-D7FD48A5C558}
		{D94ED654-0EEA-4F41-B725-12F2F7B47748} = {EC447DCF-ABFA-6E24-52A5-D7FD48A5C558}
		{A32B0BE6-C5D8-4459-A72E-24F8468B6FC2} = {EC447DCF-ABFA-6E24-52A5-D7FD48A5C558}
		{9E87D10C-30AF-48DB-A36F-818CB37CEED7} = {EC447DCF-ABFA-6E24-52A5-D7FD48A5C558}
		{7E0F9151-6983-407F-AB35-1C602E9477AB} = {0AB3BF05-4346-4AA6-1389-037BE0695223}
		{8DC1B7EF-62CC-48C3-88C9-E856211F8BA3} = {0AB3BF05-4346-4AA6-1389-037BE0695223}
		{47577C6F-9204-4C9E-ACE9-2381099914A2} = {0AB3BF05-4346-4AA6-1389-037BE0695223}
		{C1C94A74-BE9A-43DC-8591-272C7FADD350} = {0AB3BF05-4346-4AA6-1389-037BE0695223}
		{8A79B84F-8DEB-40BE-AC9D-451DCCD2D595} = {0AB3BF05-4346-4AA6-1389-037BE0695223}
		{802E5CD2-BB8A-488F-932C-D1CA7E1BBB76} = {0AB3BF05-4346-4AA6-1389-037BE0695223}
		{A4EFB0F9-E5BA-4A21-B2DE-0158FC4E019B} = {827E0CD3-B72D-47B6-A68D-7590B98EB39B}
		{75E4FF46-7FAF-4728-AFBD-FB95A807AAEC} = {07C2787E-EAC7-C090-1BA3-A61EC2A24D84}
	EndGlobalSection
EndGlobal
