{
  "version": 2,
  "dependencies": {
    "net10.0": {
      "Avalonia": {
        "type": "Direct",
        "requested": "[11.2.5, )",
        "resolved": "11.2.5",
        "contentHash": "drAn4ymqy6c1AWIzpQIFLIQjPx9p7Ffsu+7bYy4vV8MtvmgiQ2s6R5HvmNuWheUtpHyhnowVQoOdJQl5uS6a+A==",
        "dependencies": {
          "Avalonia.BuildServices": "0.0.31",
          "Avalonia.Remote.Protocol": "11.2.5",
          "MicroCom.Runtime": "0.11.0"
        }
      },
      "Avalonia.Desktop": {
        "type": "Direct",
        "requested": "[11.2.5, )",
        "resolved": "11.2.5",
        "contentHash": "ITvTEiELiHftwDe1+HkpZWc6PedQfdhNYIQxIl3npyD0QTYJjn+tdlloZxmO3z0b6Rbr7XK6aTOOH6L/itBIRg==",
        "dependencies": {
          "Avalonia": "11.2.5",
          "Avalonia.Native": "11.2.5",
          "Avalonia.Skia": "11.2.5",
          "Avalonia.Win32": "11.2.5",
          "Avalonia.X11": "11.2.5"
        }
      },
      "Avalonia.Themes.Simple": {
        "type": "Direct",
        "requested": "[11.2.5, )",
        "resolved": "11.2.5",
        "contentHash": "qAnX2IkL2taJyG5gkUsaKJQmD+WT4YirPuLEf/9EPq/Y+KmJ095frTN4JKFkERAqtQSEa6Uzu7nkeNjdEILp+g==",
        "dependencies": {
          "Avalonia": "11.2.5"
        }
      },
      "Avalonia.Angle.Windows.Natives": {
        "type": "Transitive",
        "resolved": "2.1.22045.20230930",
        "contentHash": "Bo3qOhKC1b84BIhiogndMdAzB3UrrESKK7hS769f5HWeoMw/pcd42US5KFYW2JJ4ZSTrXnP8mXwLTMzh+S+9Lg=="
      },
      "Avalonia.BuildServices": {
        "type": "Transitive",
        "resolved": "0.0.31",
        "contentHash": "KmCN6Hc+45q4OnF10ge450yVUvWuxU6bdQiyKqiSvrHKpahNrEdk0kG6Ip6GHk2SKOCttGQuA206JVdkldEENg=="
      },
      "Avalonia.FreeDesktop": {
        "type": "Transitive",
        "resolved": "11.2.5",
        "contentHash": "JFvgnPhwqtd+xOpnlmBcZIdHVRA6ctfMHLo/W/pXcbVIel+3HOJSUk4NMREj48AD3ZyQiZJvKED1C4EDvkzXcw==",
        "dependencies": {
          "Avalonia": "11.2.5",
          "Tmds.DBus.Protocol": "0.20.0"
        }
      },
      "Avalonia.Native": {
        "type": "Transitive",
        "resolved": "11.2.5",
        "contentHash": "zubOZRBqOETn9uque9pEmUERIasSRL/Va4HQ+dtd+uA+2ThVL9Jo+yp3+NeV2qwrLUcAA/uNd9C+WmG4qB6MvA==",
        "dependencies": {
          "Avalonia": "11.2.5"
        }
      },
      "Avalonia.Remote.Protocol": {
        "type": "Transitive",
        "resolved": "11.2.5",
        "contentHash": "wS/qPTRVmgB49PxVMEFRczWS2UQ91Sl7xBI4qQtVyyi+REeH5L0sXYTjyKkHALI/vZd4DeH4SrleDEX0zNOVmA=="
      },
      "Avalonia.Skia": {
        "type": "Transitive",
        "resolved": "11.2.5",
        "contentHash": "rUjWmLtx2E95DyzUzHGx7PBQwr+sa0Tt64Jd72s3eEALLQU13RUnwqHkUZv0g8uzNRTsWcKHden4eIyCc+dcNQ==",
        "dependencies": {
          "Avalonia": "11.2.5",
          "HarfBuzzSharp": "7.3.0.3",
          "HarfBuzzSharp.NativeAssets.Linux": "7.3.0.3",
          "HarfBuzzSharp.NativeAssets.WebAssembly": "7.3.0.3",
          "SkiaSharp": "2.88.9",
          "SkiaSharp.NativeAssets.Linux": "2.88.9",
          "SkiaSharp.NativeAssets.WebAssembly": "2.88.9"
        }
      },
      "Avalonia.Win32": {
        "type": "Transitive",
        "resolved": "11.2.5",
        "contentHash": "hu9ECEq2ycaoBBcAQ1ZH/hnocyn79rYem4Jueyggp5urRa1xlNeQFradWEcWD9xQWAgE6pCEKa5fu8QXvLnGDw==",
        "dependencies": {
          "Avalonia": "11.2.5",
          "Avalonia.Angle.Windows.Natives": "2.1.22045.20230930"
        }
      },
      "Avalonia.X11": {
        "type": "Transitive",
        "resolved": "11.2.5",
        "contentHash": "rkf1xqsH6t4zc5j2KeJ2oTbyUyMsiEemgnwOgnHW/bgpeW4DDhZgiZ8xdFIxnvayAoYD+5WhPAEs8ztQNTr8qg==",
        "dependencies": {
          "Avalonia": "11.2.5",
          "Avalonia.FreeDesktop": "11.2.5",
          "Avalonia.Skia": "11.2.5"
        }
      },
      "HarfBuzzSharp": {
        "type": "Transitive",
        "resolved": "7.3.0.3",
        "contentHash": "Hq+5+gx10coOvuRgB13KBwiWxJq1QeYuhtVLbA01ZCWaugOnolUahF44KvrQTUUHDNk/C7HB6SMaebsZeOdhgg==",
        "dependencies": {
          "HarfBuzzSharp.NativeAssets.Win32": "7.3.0.3",
          "HarfBuzzSharp.NativeAssets.macOS": "7.3.0.3"
        }
      },
      "HarfBuzzSharp.NativeAssets.Linux": {
        "type": "Transitive",
        "resolved": "7.3.0.3",
        "contentHash": "hkcHeTfOyIeJuPtO/QfoqkDvV/MXebZYaA/Bn/S+nXsjH3Wt9oQ6okH2kklYO+1UUdBSJFd67bi9IrpQXI2mPw==",
        "dependencies": {
          "HarfBuzzSharp": "7.3.0.3"
        }
      },
      "HarfBuzzSharp.NativeAssets.macOS": {
        "type": "Transitive",
        "resolved": "7.3.0.3",
        "contentHash": "UAwIYnkbBTzBJv1Id8FijY/i8QiIepRemSXufU8fyzwWhYJdx4+ajG8yQUie5HW/uusbVLFSr26muSlJOFDgSw=="
      },
      "HarfBuzzSharp.NativeAssets.WebAssembly": {
        "type": "Transitive",
        "resolved": "7.3.0.3",
        "contentHash": "OpheDNp9a3nC6hWNACemWkNEXJ4tWP3Gw9bykw3FbyeEmU2nUDtLIp6VgNnjHAPRMgUs1Kl7m4gJpzVYwC7CZw=="
      },
      "HarfBuzzSharp.NativeAssets.Win32": {
        "type": "Transitive",
        "resolved": "7.3.0.3",
        "contentHash": "RPxRXD16KtSs8Yxr2RK9Qs7AwyN9MlpqZIYs0AvfaJwl7RAtVhC0+u2f2SKwX0uMYYd3O98Z+OBA1sj6aWVKQA=="
      },
      "MicroCom.Runtime": {
        "type": "Transitive",
        "resolved": "0.11.0",
        "contentHash": "MEnrZ3UIiH40hjzMDsxrTyi8dtqB5ziv3iBeeU4bXsL/7NLSal9F1lZKpK+tfBRnUoDSdtcW3KufE4yhATOMCA=="
      },
      "SkiaSharp": {
        "type": "Transitive",
        "resolved": "2.88.9",
        "contentHash": "3MD5VHjXXieSHCleRLuaTXmL2pD0mB7CcOB1x2kA1I4bhptf4e3R27iM93264ZYuAq6mkUyX5XbcxnZvMJYc1Q==",
        "dependencies": {
          "SkiaSharp.NativeAssets.Win32": "2.88.9",
          "SkiaSharp.NativeAssets.macOS": "2.88.9"
        }
      },
      "SkiaSharp.NativeAssets.Linux": {
        "type": "Transitive",
        "resolved": "2.88.9",
        "contentHash": "cWSaJKVPWAaT/WIn9c8T5uT/l4ETwHxNJTkEOtNKjphNo8AW6TF9O32aRkxqw3l8GUdUo66Bu7EiqtFh/XG0Zg==",
        "dependencies": {
          "SkiaSharp": "2.88.9"
        }
      },
      "SkiaSharp.NativeAssets.macOS": {
        "type": "Transitive",
        "resolved": "2.88.9",
        "contentHash": "Nv5spmKc4505Ep7oUoJ5vp3KweFpeNqxpyGDWyeEPTX2uR6S6syXIm3gj75dM0YJz7NPvcix48mR5laqs8dPuA=="
      },
      "SkiaSharp.NativeAssets.WebAssembly": {
        "type": "Transitive",
        "resolved": "2.88.9",
        "contentHash": "kt06RccBHSnAs2wDYdBSfsjIDbY3EpsOVqnlDgKdgvyuRA8ZFDaHRdWNx1VHjGgYzmnFCGiTJBnXFl5BqGwGnA=="
      },
      "SkiaSharp.NativeAssets.Win32": {
        "type": "Transitive",
        "resolved": "2.88.9",
        "contentHash": "wb2kYgU7iy84nQLYZwMeJXixvK++GoIuECjU4ECaUKNuflyRlJKyiRhN1MAHswvlvzuvkrjRWlK0Za6+kYQK7w=="
      },
      "harness.sharedkernel": {
        "type": "Project"
      },
      "Tmds.DBus.Protocol": {
        "type": "CentralTransitive",
        "requested": "[0.21.3, )",
        "resolved": "0.21.3",
        "contentHash": "hDwB8WsQoyALQKqIbwzS68UKdlnafDm4T/DkO/JrA/YIneP/rKv96SxYPVXeh3FP4i/SXfShrYftKLtciJAIlw=="
      }
    }
  }
}